Microsoft Visual Studio Solution File, Format Version 12.00
# Visual Studio 2013
VisualStudioVersion = 12.0.30723.0
MinimumVisualStudioVersion = 10.0.40219.1
Project("{FAE04EC0-301F-11D3-BF4B-00C04F79EFBC}") = "AppStudio.UI", "AppStudio.UI\AppStudio.UI.csproj", "{69E2897C-2863-4B8B-AD97-E888A0AAC236}"
EndProject
Project("{FAE04EC0-301F-11D3-BF4B-00C04F79EFBC}") = "AppStudio.Data", "AppStudio.Data\AppStudio.Data.csproj", "{D7783267-F0F5-41C6-8922-23DED50069EC}"
EndProject
Project("{2150E333-8FDC-42A3-9474-1A3956D46DE8}") = ".nuget", ".nuget", "{5A352A05-1D85-4F54-BC96-ACB251FF6522}"
	ProjectSection(SolutionItems) = preProject
		.nuget\NuGet.config = .nuget\NuGet.config
		.nuget\NuGet.exe = .nuget\NuGet.exe
		.nuget\NuGet.targets = .nuget\NuGet.targets
	EndProjectSection
EndProject
Project("{2150E333-8FDC-42A3-9474-1A3956D46DE8}") = "Lib", "Lib", "{F9BFFAA6-FD81-4ECD-A874-C7624248D67F}"
	ProjectSection(SolutionItems) = preProject
		Lib\WPAppStudio.Shared2.dll = Lib\WPAppStudio.Shared2.dll
	EndProjectSection
EndProject
Project("{FAE04EC0-301F-11D3-BF4B-00C04F79EFBC}") = "ScheduledTaskAgent1", "ScheduledTaskAgent1\ScheduledTaskAgent1.csproj", "{7C21E3F6-C2FF-4147-845A-37818D575C2E}"
EndProject
Global
	GlobalSection(SolutionConfigurationPlatforms) = preSolution
		Debug|Any CPU = Debug|Any CPU
		Debug|ARM = Debug|ARM
		Debug|x86 = Debug|x86
		Release|Any CPU = Release|Any CPU
		Release|ARM = Release|ARM
		Release|x86 = Release|x86
	EndGlobalSection
	GlobalSection(ProjectConfigurationPlatforms) = postSolution
		{69E2897C-2863-4B8B-AD97-E888A0AAC236}.Debug|Any CPU.ActiveCfg = Debug|Any CPU
		{69E2897C-2863-4B8B-AD97-E888A0AAC236}.Debug|Any CPU.Build.0 = Debug|Any CPU
		{69E2897C-2863-4B8B-AD97-E888A0AAC236}.Debug|Any CPU.Deploy.0 = Debug|Any CPU
		{69E2897C-2863-4B8B-AD97-E888A0AAC236}.Debug|ARM.ActiveCfg = Debug|ARM
		{69E2897C-2863-4B8B-AD97-E888A0AAC236}.Debug|ARM.Build.0 = Debug|ARM
		{69E2897C-2863-4B8B-AD97-E888A0AAC236}.Debug|ARM.Deploy.0 = Debug|ARM
		{69E2897C-2863-4B8B-AD97-E888A0AAC236}.Debug|x86.ActiveCfg = Debug|x86
		{69E2897C-2863-4B8B-AD97-E888A0AAC236}.Debug|x86.Build.0 = Debug|x86
		{69E2897C-2863-4B8B-AD97-E888A0AAC236}.Debug|x86.Deploy.0 = Debug|x86
		{69E2897C-2863-4B8B-AD97-E888A0AAC236}.Release|Any CPU.ActiveCfg = Release|Any CPU
		{69E2897C-2863-4B8B-AD97-E888A0AAC236}.Release|Any CPU.Build.0 = Release|Any CPU
		{69E2897C-2863-4B8B-AD97-E888A0AAC236}.Release|Any CPU.Deploy.0 = Release|Any CPU
		{69E2897C-2863-4B8B-AD97-E888A0AAC236}.Release|ARM.ActiveCfg = Release|ARM
		{69E2897C-2863-4B8B-AD97-E888A0AAC236}.Release|ARM.Build.0 = Release|ARM
		{69E2897C-2863-4B8B-AD97-E888A0AAC236}.Release|ARM.Deploy.0 = Release|ARM
		{69E2897C-2863-4B8B-AD97-E888A0AAC236}.Release|x86.ActiveCfg = Release|x86
		{69E2897C-2863-4B8B-AD97-E888A0AAC236}.Release|x86.Build.0 = Release|x86
		{69E2897C-2863-4B8B-AD97-E888A0AAC236}.Release|x86.Deploy.0 = Release|x86
		{D7783267-F0F5-41C6-8922-23DED50069EC}.Debug|Any CPU.ActiveCfg = Debug|Any CPU
		{D7783267-F0F5-41C6-8922-23DED50069EC}.Debug|Any CPU.Build.0 = Debug|Any CPU
		{D7783267-F0F5-41C6-8922-23DED50069EC}.Debug|ARM.ActiveCfg = Debug|ARM
		{D7783267-F0F5-41C6-8922-23DED50069EC}.Debug|ARM.Build.0 = Debug|ARM
		{D7783267-F0F5-41C6-8922-23DED50069EC}.Debug|x86.ActiveCfg = Debug|x86
		{D7783267-F0F5-41C6-8922-23DED50069EC}.Debug|x86.Build.0 = Debug|x86
		{D7783267-F0F5-41C6-8922-23DED50069EC}.Release|Any CPU.ActiveCfg = Release|Any CPU
		{D7783267-F0F5-41C6-8922-23DED50069EC}.Release|Any CPU.Build.0 = Release|Any CPU
		{D7783267-F0F5-41C6-8922-23DED50069EC}.Release|ARM.ActiveCfg = Release|ARM
		{D7783267-F0F5-41C6-8922-23DED50069EC}.Release|ARM.Build.0 = Release|ARM
		{D7783267-F0F5-41C6-8922-23DED50069EC}.Release|x86.ActiveCfg = Release|x86
		{D7783267-F0F5-41C6-8922-23DED50069EC}.Release|x86.Build.0 = Release|x86
		{7C21E3F6-C2FF-4147-845A-37818D575C2E}.Debug|Any CPU.ActiveCfg = Debug|Any CPU
		{7C21E3F6-C2FF-4147-845A-37818D575C2E}.Debug|Any CPU.Build.0 = Debug|Any CPU
		{7C21E3F6-C2FF-4147-845A-37818D575C2E}.Debug|ARM.ActiveCfg = Debug|ARM
		{7C21E3F6-C2FF-4147-845A-37818D575C2E}.Debug|ARM.Build.0 = Debug|ARM
		{7C21E3F6-C2FF-4147-845A-37818D575C2E}.Debug|x86.ActiveCfg = Debug|x86
		{7C21E3F6-C2FF-4147-845A-37818D575C2E}.Debug|x86.Build.0 = Debug|x86
		{7C21E3F6-C2FF-4147-845A-37818D575C2E}.Release|Any CPU.ActiveCfg = Release|Any CPU
		{7C21E3F6-C2FF-4147-845A-37818D575C2E}.Release|Any CPU.Build.0 = Release|Any CPU
		{7C21E3F6-C2FF-4147-845A-37818D575C2E}.Release|ARM.ActiveCfg = Release|ARM
		{7C21E3F6-C2FF-4147-845A-37818D575C2E}.Release|ARM.Build.0 = Release|ARM
		{7C21E3F6-C2FF-4147-845A-37818D575C2E}.Release|x86.ActiveCfg = Release|x86
		{7C21E3F6-C2FF-4147-845A-37818D575C2E}.Release|x86.Build.0 = Release|x86
	EndGlobalSection
	GlobalSection(SolutionProperties) = preSolution
		HideSolutionNode = FALSE
	EndGlobalSection
EndGlobal
